// !$*UTF8*$!
{
	archiveVersion = 1;
	classes = {};
	objectVersion = 56;
	objects = {

/* Begin PBXBuildFile section */
		A10000000000000000000001 /* AppDelegate.swift in Sources */ = {isa = PBXBuildFile; fileRef = A20000000000000000000001 /* AppDelegate.swift */; };
		A10000000000000000000002 /* ViewController.swift in Sources */ = {isa = PBXBuildFile; fileRef = A20000000000000000000002 /* ViewController.swift */; };
		A10000000000000000000003 /* Assets.xcassets in Resources */ = {isa = PBXBuildFile; fileRef = A20000000000000000000004 /* Assets.xcassets */; };
		A10000000000000000000004 /* index.html in Resources */ = {isa = PBXBuildFile; fileRef = A20000000000000000000006 /* index.html */; };
/* End PBXBuildFile section */

/* Begin PBXFileReference section */
		A20000000000000000000001 /* AppDelegate.swift */ = {isa = PBXFileReference; lastKnownFileType = sourcecode.swift; path = AppDelegate.swift; sourceTree = "<group>"; };
		A20000000000000000000002 /* ViewController.swift */ = {isa = PBXFileReference; lastKnownFileType = sourcecode.swift; path = ViewController.swift; sourceTree = "<group>"; };
		A20000000000000000000003 /* Info.plist */ = {isa = PBXFileReference; lastKnownFileType = text.plist.xml; path = Info.plist; sourceTree = "<group>"; };
		A20000000000000000000004 /* Assets.xcassets */ = {isa = PBXFileReference; lastKnownFileType = folder.assetcatalog; path = Assets.xcassets; sourceTree = "<group>"; };
		A20000000000000000000005 /* NEXUS.app */ = {isa = PBXFileReference; explicitFileType = wrapper.application; includeInIndex = 0; path = NEXUS.app; sourceTree = BUILT_PRODUCTS_DIR; };
		A20000000000000000000006 /* index.html */ = {isa = PBXFileReference; lastKnownFileType = text.html; path = index.html; sourceTree = "<group>"; };
/* End PBXFileReference section */

/* Begin PBXFrameworksBuildPhase section */
		A30000000000000000000001 /* Frameworks */ = {isa = PBXFrameworksBuildPhase; buildActionMask = 2147483647; files = (); runOnlyForDeploymentPostprocessing = 0; };
/* End PBXFrameworksBuildPhase section */

/* Begin PBXGroup section */
		A40000000000000000000001 = {isa = PBXGroup; children = (A40000000000000000000002 /* NEXUS */, A40000000000000000000003 /* Products */); sourceTree = "<group>"; };
		A40000000000000000000002 /* NEXUS */ = {isa = PBXGroup; path = NEXUS; sourceTree = "<group>"; children = (A20000000000000000000001, A20000000000000000000002, A20000000000000000000003, A20000000000000000000004, A20000000000000000000006); };
		A40000000000000000000003 /* Products */ = {isa = PBXGroup; name = Products; sourceTree = "<group>"; children = (A20000000000000000000005); };
/* End PBXGroup section */

/* Begin PBXNativeTarget section */
		A50000000000000000000001 /* NEXUS */ = {isa = PBXNativeTarget; buildConfigurationList = A90000000000000000000002; buildPhases = (A70000000000000000000001, A30000000000000000000001, A80000000000000000000001); buildRules = (); dependencies = (); name = NEXUS; productName = NEXUS; productReference = A20000000000000000000005; productType = "com.apple.product-type.application"; };
/* End PBXNativeTarget section */

/* Begin PBXProject section */
		A60000000000000000000001 /* Project object */ = {isa = PBXProject; attributes = {BuildIndependentTargetsInParallel = 1; LastSwiftUpdateCheck = 2600; LastUpgradeCheck = 2600; TargetAttributes = {A50000000000000000000001 = {CreatedOnToolsVersion = 26.0; }; }; }; buildConfigurationList = A90000000000000000000001; compatibilityVersion = "Xcode 14.0"; developmentRegion = en; hasScannedForEncodings = 0; knownRegions = (en, Base); mainGroup = A40000000000000000000001; productRefGroup = A40000000000000000000003; projectDirPath = ""; projectRoot = ""; targets = (A50000000000000000000001); };
/* End PBXProject section */

/* Begin PBXResourcesBuildPhase section */
		A80000000000000000000001 /* Resources */ = {isa = PBXResourcesBuildPhase; buildActionMask = 2147483647; files = (A10000000000000000000003, A10000000000000000000004); runOnlyForDeploymentPostprocessing = 0; };
/* End PBXResourcesBuildPhase section */

/* Begin PBXSourcesBuildPhase section */
		A70000000000000000000001 /* Sources */ = {isa = PBXSourcesBuildPhase; buildActionMask = 2147483647; files = (A10000000000000000000001, A10000000000000000000002); runOnlyForDeploymentPostprocessing = 0; };
/* End PBXSourcesBuildPhase section */

/* Begin XCBuildConfiguration section */
		B10000000000000000000001 /* Debug */ = {isa = XCBuildConfiguration; buildSettings = {CLANG_ENABLE_MODULES = YES; IPHONEOS_DEPLOYMENT_TARGET = 16.0; SDKROOT = iphoneos; SWIFT_VERSION = 6.0; }; name = Debug; };
		B10000000000000000000002 /* Release */ = {isa = XCBuildConfiguration; buildSettings = {CLANG_ENABLE_MODULES = YES; IPHONEOS_DEPLOYMENT_TARGET = 16.0; SDKROOT = iphoneos; SWIFT_VERSION = 6.0; }; name = Release; };
		B10000000000000000000003 /* Debug */ = {isa = XCBuildConfiguration; buildSettings = {ASSETCATALOG_COMPILER_APPICON_NAME = AppIcon; CODE_SIGN_STYLE = Automatic; CURRENT_PROJECT_VERSION = 92; GENERATE_INFOPLIST_FILE = NO; CODE_SIGN_ENTITLEMENTS = NEXUS/NEXUS.entitlements; INFOPLIST_FILE = NEXUS/Info.plist; IPHONEOS_DEPLOYMENT_TARGET = 16.0; MARKETING_VERSION = 0.92.0; PRODUCT_BUNDLE_IDENTIFIER = com.nexus.cyberforge; PRODUCT_NAME = "$(TARGET_NAME)"; SWIFT_VERSION = 6.0; TARGETED_DEVICE_FAMILY = 1; }; name = Debug; };
		B10000000000000000000004 /* Release */ = {isa = XCBuildConfiguration; buildSettings = {ASSETCATALOG_COMPILER_APPICON_NAME = AppIcon; CODE_SIGN_STYLE = Automatic; CURRENT_PROJECT_VERSION = 92; GENERATE_INFOPLIST_FILE = NO; CODE_SIGN_ENTITLEMENTS = NEXUS/NEXUS.entitlements; INFOPLIST_FILE = NEXUS/Info.plist; IPHONEOS_DEPLOYMENT_TARGET = 16.0; MARKETING_VERSION = 0.92.0; PRODUCT_BUNDLE_IDENTIFIER = com.nexus.cyberforge; PRODUCT_NAME = "$(TARGET_NAME)"; SWIFT_VERSION = 6.0; TARGETED_DEVICE_FAMILY = 1; VALIDATE_PRODUCT = YES; }; name = Release; };
/* End XCBuildConfiguration section */

/* Begin XCConfigurationList section */
		A90000000000000000000001 /* Build configuration list for PBXProject */ = {isa = XCConfigurationList; buildConfigurations = (B10000000000000000000001, B10000000000000000000002); defaultConfigurationIsVisible = 0; defaultConfigurationName = Release; };
		A90000000000000000000002 /* Build configuration list for PBXNativeTarget */ = {isa = XCConfigurationList; buildConfigurations = (B10000000000000000000003, B10000000000000000000004); defaultConfigurationIsVisible = 0; defaultConfigurationName = Release; };
/* End XCConfigurationList section */
	};
	rootObject = A60000000000000000000001 /* Project object */;
}
